
Microsoft Visual Studio Solution File, Format Version 12.00
# Visual Studio Version 17
VisualStudioVersion = 17.2.32630.192
MinimumVisualStudioVersion = 10.0.40219.1
Project("{9A19103F-16F7-4668-BE54-9A1E7A4F7556}") = "WebApp.StockApp", "NewStockApp\WebApp.StockApp.csproj", "{26D8AAA0-79B7-4057-990B-762FB2F9A21F}"
EndProject
Project("{9A19103F-16F7-4668-BE54-9A1E7A4F7556}") = "StockApp.Infraestructure.Persistence", "Database\StockApp.Infraestructure.Persistence.csproj", "{E6AD80FE-7642-480B-BFE1-B926A663F277}"
EndProject
Project("{9A19103F-16F7-4668-BE54-9A1E7A4F7556}") = "StockApp.Core.Application", "Application\StockApp.Core.Application.csproj", "{3F89E9E6-E313-406C-883E-C2E5E026C00E}"
EndProject
Project("{2150E333-8FDC-42A3-9474-1A3956D46DE8}") = "Core", "Core", "{F9A8BFAA-F584-4AB8-866E-C16F1A0F0B0A}"
EndProject
Project("{2150E333-8FDC-42A3-9474-1A3956D46DE8}") = "Infraestructure", "Infraestructure", "{205DED5A-4D6D-4560-9F6D-C8BCDE395925}"
EndProject
Project("{2150E333-8FDC-42A3-9474-1A3956D46DE8}") = "Source", "Source", "{6F4F3281-C797-4128-8AA7-0E3F31EAA22A}"
EndProject
Project("{2150E333-8FDC-42A3-9474-1A3956D46DE8}") = "WebApp", "WebApp", "{F27C00AE-E85C-46AA-BA52-32BCF1005833}"
EndProject
Project("{9A19103F-16F7-4668-BE54-9A1E7A4F7556}") = "StockApp.Core.Domain", "StockApp.Core.Domain\StockApp.Core.Domain.csproj", "{ECC8DD8E-5672-4E55-BD0B-2F083C104DD2}"
EndProject
Project("{9A19103F-16F7-4668-BE54-9A1E7A4F7556}") = "StoackApp.Infraestructure.Shared", "StoackApp.Infraestructure.Shared\StoackApp.Infraestructure.Shared.csproj", "{7BED211B-13DF-4341-B676-5B3061364BB2}"
EndProject
Project("{9A19103F-16F7-4668-BE54-9A1E7A4F7556}") = "StockApp.Infraestructure.Identity", "StockApp.Infraestructure.Identity\StockApp.Infraestructure.Identity.csproj", "{B9267727-F950-4587-8B7C-6279B2019C18}"
EndProject
Project("{2150E333-8FDC-42A3-9474-1A3956D46DE8}") = "Presentation", "Presentation", "{08032E8A-EFAD-427F-9C38-48821976F375}"
EndProject
Project("{2150E333-8FDC-42A3-9474-1A3956D46DE8}") = "WebApi", "WebApi", "{2D0EC87B-6F37-4C98-8744-8A9B4E916579}"
EndProject
Project("{FAE04EC0-301F-11D3-BF4B-00C04F79EFBC}") = "StockApp.WebApi", "StockApp.WebApi\StockApp.WebApi.csproj", "{F3067387-75EE-48CB-9D59-BB83EFE0D324}"
EndProject
Global
	GlobalSection(SolutionConfigurationPlatforms) = preSolution
		Debug|Any CPU = Debug|Any CPU
		Release|Any CPU = Release|Any CPU
	EndGlobalSection
	GlobalSection(ProjectConfigurationPlatforms) = postSolution
		{26D8AAA0-79B7-4057-990B-762FB2F9A21F}.Debug|Any CPU.ActiveCfg = Debug|Any CPU
		{26D8AAA0-79B7-4057-990B-762FB2F9A21F}.Debug|Any CPU.Build.0 = Debug|Any CPU
		{26D8AAA0-79B7-4057-990B-762FB2F9A21F}.Release|Any CPU.ActiveCfg = Release|Any CPU
		{26D8AAA0-79B7-4057-990B-762FB2F9A21F}.Release|Any CPU.Build.0 = Release|Any CPU
		{E6AD80FE-7642-480B-BFE1-B926A663F277}.Debug|Any CPU.ActiveCfg = Debug|Any CPU
		{E6AD80FE-7642-480B-BFE1-B926A663F277}.Debug|Any CPU.Build.0 = Debug|Any CPU
		{E6AD80FE-7642-480B-BFE1-B926A663F277}.Release|Any CPU.ActiveCfg = Release|Any CPU
		{E6AD80FE-7642-480B-BFE1-B926A663F277}.Release|Any CPU.Build.0 = Release|Any CPU
		{3F89E9E6-E313-406C-883E-C2E5E026C00E}.Debug|Any CPU.ActiveCfg = Debug|Any CPU
		{3F89E9E6-E313-406C-883E-C2E5E026C00E}.Debug|Any CPU.Build.0 = Debug|Any CPU
		{3F89E9E6-E313-406C-883E-C2E5E026C00E}.Release|Any CPU.ActiveCfg = Release|Any CPU
		{3F89E9E6-E313-406C-883E-C2E5E026C00E}.Release|Any CPU.Build.0 = Release|Any CPU
		{ECC8DD8E-5672-4E55-BD0B-2F083C104DD2}.Debug|Any CPU.ActiveCfg = Debug|Any CPU
		{ECC8DD8E-5672-4E55-BD0B-2F083C104DD2}.Debug|Any CPU.Build.0 = Debug|Any CPU
		{ECC8DD8E-5672-4E55-BD0B-2F083C104DD2}.Release|Any CPU.ActiveCfg = Release|Any CPU
		{ECC8DD8E-5672-4E55-BD0B-2F083C104DD2}.Release|Any CPU.Build.0 = Release|Any CPU
		{7BED211B-13DF-4341-B676-5B3061364BB2}.Debug|Any CPU.ActiveCfg = Debug|Any CPU
		{7BED211B-13DF-4341-B676-5B3061364BB2}.Debug|Any CPU.Build.0 = Debug|Any CPU
		{7BED211B-13DF-4341-B676-5B3061364BB2}.Release|Any CPU.ActiveCfg = Release|Any CPU
		{7BED211B-13DF-4341-B676-5B3061364BB2}.Release|Any CPU.Build.0 = Release|Any CPU
		{B9267727-F950-4587-8B7C-6279B2019C18}.Debug|Any CPU.ActiveCfg = Debug|Any CPU
		{B9267727-F950-4587-8B7C-6279B2019C18}.Debug|Any CPU.Build.0 = Debug|Any CPU
		{B9267727-F950-4587-8B7C-6279B2019C18}.Release|Any CPU.ActiveCfg = Release|Any CPU
		{B9267727-F950-4587-8B7C-6279B2019C18}.Release|Any CPU.Build.0 = Release|Any CPU
		{F3067387-75EE-48CB-9D59-BB83EFE0D324}.Debug|Any CPU.ActiveCfg = Debug|Any CPU
		{F3067387-75EE-48CB-9D59-BB83EFE0D324}.Debug|Any CPU.Build.0 = Debug|Any CPU
		{F3067387-75EE-48CB-9D59-BB83EFE0D324}.Release|Any CPU.ActiveCfg = Release|Any CPU
		{F3067387-75EE-48CB-9D59-BB83EFE0D324}.Release|Any CPU.Build.0 = Release|Any CPU
	EndGlobalSection
	GlobalSection(SolutionProperties) = preSolution
		HideSolutionNode = FALSE
	EndGlobalSection
	GlobalSection(NestedProjects) = preSolution
		{26D8AAA0-79B7-4057-990B-762FB2F9A21F} = {F27C00AE-E85C-46AA-BA52-32BCF1005833}
		{E6AD80FE-7642-480B-BFE1-B926A663F277} = {205DED5A-4D6D-4560-9F6D-C8BCDE395925}
		{3F89E9E6-E313-406C-883E-C2E5E026C00E} = {F9A8BFAA-F584-4AB8-866E-C16F1A0F0B0A}
		{F9A8BFAA-F584-4AB8-866E-C16F1A0F0B0A} = {6F4F3281-C797-4128-8AA7-0E3F31EAA22A}
		{205DED5A-4D6D-4560-9F6D-C8BCDE395925} = {6F4F3281-C797-4128-8AA7-0E3F31EAA22A}
		{F27C00AE-E85C-46AA-BA52-32BCF1005833} = {08032E8A-EFAD-427F-9C38-48821976F375}
		{ECC8DD8E-5672-4E55-BD0B-2F083C104DD2} = {F9A8BFAA-F584-4AB8-866E-C16F1A0F0B0A}
		{7BED211B-13DF-4341-B676-5B3061364BB2} = {205DED5A-4D6D-4560-9F6D-C8BCDE395925}
		{B9267727-F950-4587-8B7C-6279B2019C18} = {205DED5A-4D6D-4560-9F6D-C8BCDE395925}
		{08032E8A-EFAD-427F-9C38-48821976F375} = {6F4F3281-C797-4128-8AA7-0E3F31EAA22A}
		{2D0EC87B-6F37-4C98-8744-8A9B4E916579} = {08032E8A-EFAD-427F-9C38-48821976F375}
		{F3067387-75EE-48CB-9D59-BB83EFE0D324} = {2D0EC87B-6F37-4C98-8744-8A9B4E916579}
	EndGlobalSection
	GlobalSection(ExtensibilityGlobals) = postSolution
		SolutionGuid = {CF89AA04-DA45-4A8E-82D5-C2AB459BCBBE}
	EndGlobalSection
EndGlobal
